// !$*UTF8*$!
{
	archiveVersion = 1;
	classes = {
	};
	objectVersion = 56;
	objects = {

/* Begin PBXBuildFile section */
		642085E129B6B50900F6481A /* Swiftui_2_5_7App.swift in Sources */ = {isa = PBXBuildFile; fileRef = 642085E029B6B50900F6481A /* Swiftui_2_5_7App.swift */; };
		642085E329B6B50900F6481A /* ContentView.swift in Sources */ = {isa = PBXBuildFile; fileRef = 642085E229B6B50900F6481A /* ContentView.swift */; };
		642085E529B6B50C00F6481A /* Assets.xcassets in Resources */ = {isa = PBXBuildFile; fileRef = 642085E429B6B50C00F6481A /* Assets.xcassets */; };
		642085E829B6B50C00F6481A /* Preview Assets.xcassets in Resources */ = {isa = PBXBuildFile; fileRef = 642085E729B6B50C00F6481A /* Preview Assets.xcassets */; };
		642085F229B6B50C00F6481A /* Swiftui_2_5_7Tests.swift in Sources */ = {isa = PBXBuildFile; fileRef = 642085F129B6B50C00F6481A /* Swiftui_2_5_7Tests.swift */; };
		642085FC29B6B50C00F6481A /* Swiftui_2_5_7UITests.swift in Sources */ = {isa = PBXBuildFile; fileRef = 642085FB29B6B50C00F6481A /* Swiftui_2_5_7UITests.swift */; };
		642085FE29B6B50C00F6481A /* Swiftui_2_5_7UITestsLaunchTests.swift in Sources */ = {isa = PBXBuildFile; fileRef = 642085FD29B6B50C00F6481A /* Swiftui_2_5_7UITestsLaunchTests.swift */; };
		6420860C29B6C53300F6481A /* Post.swift in Sources */ = {isa = PBXBuildFile; fileRef = 6420860B29B6C53300F6481A /* Post.swift */; };
		6420860F29B6C56000F6481A /* ViewModel.swift in Sources */ = {isa = PBXBuildFile; fileRef = 6420860E29B6C56000F6481A /* ViewModel.swift */; };
		6420861229B6C57E00F6481A /* DetailView.swift in Sources */ = {isa = PBXBuildFile; fileRef = 6420861129B6C57E00F6481A /* DetailView.swift */; };
		6420861529B6C5A300F6481A /* API.swift in Sources */ = {isa = PBXBuildFile; fileRef = 6420861429B6C5A300F6481A /* API.swift */; };
		6420861729B6C5D400F6481A /* AsyncImage.swift in Sources */ = {isa = PBXBuildFile; fileRef = 6420861629B6C5D400F6481A /* AsyncImage.swift */; };
		6420861929B6C5E800F6481A /* ImageLoader.swift in Sources */ = {isa = PBXBuildFile; fileRef = 6420861829B6C5E800F6481A /* ImageLoader.swift */; };
/* End PBXBuildFile section */

/* Begin PBXContainerItemProxy section */
		642085EE29B6B50C00F6481A /* PBXContainerItemProxy */ = {
			isa = PBXContainerItemProxy;
			containerPortal = 642085D529B6B50900F6481A /* Project object */;
			proxyType = 1;
			remoteGlobalIDString = 642085DC29B6B50900F6481A;
			remoteInfo = Swiftui_2_5_7;
		};
		642085F829B6B50C00F6481A /* PBXContainerItemProxy */ = {
			isa = PBXContainerItemProxy;
			containerPortal = 642085D529B6B50900F6481A /* Project object */;
			proxyType = 1;
			remoteGlobalIDString = 642085DC29B6B50900F6481A;
			remoteInfo = Swiftui_2_5_7;
		};
/* End PBXContainerItemProxy section */

/* Begin PBXFileReference section */
		642085DD29B6B50900F6481A /* Swiftui_2_5_7.app */ = {isa = PBXFileReference; explicitFileType = wrapper.application; includeInIndex = 0; path = Swiftui_2_5_7.app; sourceTree = BUILT_PRODUCTS_DIR; };
		642085E029B6B50900F6481A /* Swiftui_2_5_7App.swift */ = {isa = PBXFileReference; lastKnownFileType = sourcecode.swift; path = Swiftui_2_5_7App.swift; sourceTree = "<group>"; };
		642085E229B6B50900F6481A /* ContentView.swift */ = {isa = PBXFileReference; lastKnownFileType = sourcecode.swift; path = ContentView.swift; sourceTree = "<group>"; };
		642085E429B6B50C00F6481A /* Assets.xcassets */ = {isa = PBXFileReference; lastKnownFileType = folder.assetcatalog; path = Assets.xcassets; sourceTree = "<group>"; };
		642085E729B6B50C00F6481A /* Preview Assets.xcassets */ = {isa = PBXFileReference; lastKnownFileType = folder.assetcatalog; path = "Preview Assets.xcassets"; sourceTree = "<group>"; };
		642085ED29B6B50C00F6481A /* Swiftui_2_5_7Tests.xctest */ = {isa = PBXFileReference; explicitFileType = wrapper.cfbundle; includeInIndex = 0; path = Swiftui_2_5_7Tests.xctest; sourceTree = BUILT_PRODUCTS_DIR; };
		642085F129B6B50C00F6481A /* Swiftui_2_5_7Tests.swift */ = {isa = PBXFileReference; lastKnownFileType = sourcecode.swift; path = Swiftui_2_5_7Tests.swift; sourceTree = "<group>"; };
		642085F729B6B50C00F6481A /* Swiftui_2_5_7UITests.xctest */ = {isa = PBXFileReference; explicitFileType = wrapper.cfbundle; includeInIndex = 0; path = Swiftui_2_5_7UITests.xctest; sourceTree = BUILT_PRODUCTS_DIR; };
		642085FB29B6B50C00F6481A /* Swiftui_2_5_7UITests.swift */ = {isa = PBXFileReference; lastKnownFileType = sourcecode.swift; path = Swiftui_2_5_7UITests.swift; sourceTree = "<group>"; };
		642085FD29B6B50C00F6481A /* Swiftui_2_5_7UITestsLaunchTests.swift */ = {isa = PBXFileReference; lastKnownFileType = sourcecode.swift; path = Swiftui_2_5_7UITestsLaunchTests.swift; sourceTree = "<group>"; };
		6420860B29B6C53300F6481A /* Post.swift */ = {isa = PBXFileReference; lastKnownFileType = sourcecode.swift; path = Post.swift; sourceTree = "<group>"; };
		6420860E29B6C56000F6481A /* ViewModel.swift */ = {isa = PBXFileReference; lastKnownFileType = sourcecode.swift; path = ViewModel.swift; sourceTree = "<group>"; };
		6420861129B6C57E00F6481A /* DetailView.swift */ = {isa = PBXFileReference; lastKnownFileType = sourcecode.swift; path = DetailView.swift; sourceTree = "<group>"; };
		6420861429B6C5A300F6481A /* API.swift */ = {isa = PBXFileReference; lastKnownFileType = sourcecode.swift; path = API.swift; sourceTree = "<group>"; };
		6420861629B6C5D400F6481A /* AsyncImage.swift */ = {isa = PBXFileReference; lastKnownFileType = sourcecode.swift; path = AsyncImage.swift; sourceTree = "<group>"; };
		6420861829B6C5E800F6481A /* ImageLoader.swift */ = {isa = PBXFileReference; lastKnownFileType = sourcecode.swift; path = ImageLoader.swift; sourceTree = "<group>"; };
/* End PBXFileReference section */

/* Begin PBXFrameworksBuildPhase section */
		642085DA29B6B50900F6481A /* Frameworks */ = {
			isa = PBXFrameworksBuildPhase;
			buildActionMask = 2147483647;
			files = (
			);
			runOnlyForDeploymentPostprocessing = 0;
		};
		642085EA29B6B50C00F6481A /* Frameworks */ = {
			isa = PBXFrameworksBuildPhase;
			buildActionMask = 2147483647;
			files = (
			);
			runOnlyForDeploymentPostprocessing = 0;
		};
		642085F429B6B50C00F6481A /* Frameworks */ = {
			isa = PBXFrameworksBuildPhase;
			buildActionMask = 2147483647;
			files = (
			);
			runOnlyForDeploymentPostprocessing = 0;
		};
/* End PBXFrameworksBuildPhase section */

/* Begin PBXGroup section */
		642085D429B6B50900F6481A = {
			isa = PBXGroup;
			children = (
				642085DF29B6B50900F6481A /* Swiftui_2_5_7 */,
				642085F029B6B50C00F6481A /* Swiftui_2_5_7Tests */,
				642085FA29B6B50C00F6481A /* Swiftui_2_5_7UITests */,
				642085DE29B6B50900F6481A /* Products */,
			);
			sourceTree = "<group>";
		};
		642085DE29B6B50900F6481A /* Products */ = {
			isa = PBXGroup;
			children = (
				642085DD29B6B50900F6481A /* Swiftui_2_5_7.app */,
				642085ED29B6B50C00F6481A /* Swiftui_2_5_7Tests.xctest */,
				642085F729B6B50C00F6481A /* Swiftui_2_5_7UITests.xctest */,
			);
			name = Products;
			sourceTree = "<group>";
		};
		642085DF29B6B50900F6481A /* Swiftui_2_5_7 */ = {
			isa = PBXGroup;
			children = (
				6420861329B6C59300F6481A /* Networking */,
				6420861029B6C57200F6481A /* Views */,
				6420860D29B6C55200F6481A /* ViewModel */,
				6420860A29B6C52400F6481A /* Model */,
				642085E029B6B50900F6481A /* Swiftui_2_5_7App.swift */,
				642085E429B6B50C00F6481A /* Assets.xcassets */,
				642085E629B6B50C00F6481A /* Preview Content */,
			);
			path = Swiftui_2_5_7;
			sourceTree = "<group>";
		};
		642085E629B6B50C00F6481A /* Preview Content */ = {
			isa = PBXGroup;
			children = (
				642085E729B6B50C00F6481A /* Preview Assets.xcassets */,
			);
			path = "Preview Content";
			sourceTree = "<group>";
		};
		642085F029B6B50C00F6481A /* Swiftui_2_5_7Tests */ = {
			isa = PBXGroup;
			children = (
				642085F129B6B50C00F6481A /* Swiftui_2_5_7Tests.swift */,
			);
			path = Swiftui_2_5_7Tests;
			sourceTree = "<group>";
		};
		642085FA29B6B50C00F6481A /* Swiftui_2_5_7UITests */ = {
			isa = PBXGroup;
			children = (
				642085FB29B6B50C00F6481A /* Swiftui_2_5_7UITests.swift */,
				642085FD29B6B50C00F6481A /* Swiftui_2_5_7UITestsLaunchTests.swift */,
			);
			path = Swiftui_2_5_7UITests;
			sourceTree = "<group>";
		};
		6420860A29B6C52400F6481A /* Model */ = {
			isa = PBXGroup;
			children = (
				6420860B29B6C53300F6481A /* Post.swift */,
			);
			path = Model;
			sourceTree = "<group>";
		};
		6420860D29B6C55200F6481A /* ViewModel */ = {
			isa = PBXGroup;
			children = (
				6420860E29B6C56000F6481A /* ViewModel.swift */,
			);
			path = ViewModel;
			sourceTree = "<group>";
		};
		6420861029B6C57200F6481A /* Views */ = {
			isa = PBXGroup;
			children = (
				642085E229B6B50900F6481A /* ContentView.swift */,
				6420861129B6C57E00F6481A /* DetailView.swift */,
			);
			path = Views;
			sourceTree = "<group>";
		};
		6420861329B6C59300F6481A /* Networking */ = {
			isa = PBXGroup;
			children = (
				6420861429B6C5A300F6481A /* API.swift */,
				6420861629B6C5D400F6481A /* AsyncImage.swift */,
				6420861829B6C5E800F6481A /* ImageLoader.swift */,
			);
			path = Networking;
			sourceTree = "<group>";
		};
/* End PBXGroup section */

/* Begin PBXNativeTarget section */
		642085DC29B6B50900F6481A /* Swiftui_2_5_7 */ = {
			isa = PBXNativeTarget;
			buildConfigurationList = 6420860129B6B50C00F6481A /* Build configuration list for PBXNativeTarget "Swiftui_2_5_7" */;
			buildPhases = (
				642085D929B6B50900F6481A /* Sources */,
				642085DA29B6B50900F6481A /* Frameworks */,
				642085DB29B6B50900F6481A /* Resources */,
			);
			buildRules = (
			);
			dependencies = (
			);
			name = Swiftui_2_5_7;
			productName = Swiftui_2_5_7;
			productReference = 642085DD29B6B50900F6481A /* Swiftui_2_5_7.app */;
			productType = "com.apple.product-type.application";
		};
		642085EC29B6B50C00F6481A /* Swiftui_2_5_7Tests */ = {
			isa = PBXNativeTarget;
			buildConfigurationList = 6420860429B6B50C00F6481A /* Build configuration list for PBXNativeTarget "Swiftui_2_5_7Tests" */;
			buildPhases = (
				642085E929B6B50C00F6481A /* Sources */,
				642085EA29B6B50C00F6481A /* Frameworks */,
				642085EB29B6B50C00F6481A /* Resources */,
			);
			buildRules = (
			);
			dependencies = (
				642085EF29B6B50C00F6481A /* PBXTargetDependency */,
			);
			name = Swiftui_2_5_7Tests;
			productName = Swiftui_2_5_7Tests;
			productReference = 642085ED29B6B50C00F6481A /* Swiftui_2_5_7Tests.xctest */;
			productType = "com.apple.product-type.bundle.unit-test";
		};
		642085F629B6B50C00F6481A /* Swiftui_2_5_7UITests */ = {
			isa = PBXNativeTarget;
			buildConfigurationList = 6420860729B6B50C00F6481A /* Build configuration list for PBXNativeTarget "Swiftui_2_5_7UITests" */;
			buildPhases = (
				642085F329B6B50C00F6481A /* Sources */,
				642085F429B6B50C00F6481A /* Frameworks */,
				642085F529B6B50C00F6481A /* Resources */,
			);
			buildRules = (
			);
			dependencies = (
				642085F929B6B50C00F6481A /* PBXTargetDependency */,
			);
			name = Swiftui_2_5_7UITests;
			productName = Swiftui_2_5_7UITests;
			productReference = 642085F729B6B50C00F6481A /* Swiftui_2_5_7UITests.xctest */;
			productType = "com.apple.product-type.bundle.ui-testing";
		};
/* End PBXNativeTarget section */

/* Begin PBXProject section */
		642085D529B6B50900F6481A /* Project object */ = {
			isa = PBXProject;
			attributes = {
				BuildIndependentTargetsInParallel = 1;
				LastSwiftUpdateCheck = 1420;
				LastUpgradeCheck = 1420;
				TargetAttributes = {
					642085DC29B6B50900F6481A = {
						CreatedOnToolsVersion = 14.2;
					};
					642085EC29B6B50C00F6481A = {
						CreatedOnToolsVersion = 14.2;
						TestTargetID = 642085DC29B6B50900F6481A;
					};
					642085F629B6B50C00F6481A = {
						CreatedOnToolsVersion = 14.2;
						TestTargetID = 642085DC29B6B50900F6481A;
					};
				};
			};
			buildConfigurationList = 642085D829B6B50900F6481A /* Build configuration list for PBXProject "Swiftui_2_5_7" */;
			compatibilityVersion = "Xcode 14.0";
			developmentRegion = en;
			hasScannedForEncodings = 0;
			knownRegions = (
				en,
				Base,
			);
			mainGroup = 642085D429B6B50900F6481A;
			productRefGroup = 642085DE29B6B50900F6481A /* Products */;
			projectDirPath = "";
			projectRoot = "";
			targets = (
				642085DC29B6B50900F6481A /* Swiftui_2_5_7 */,
				642085EC29B6B50C00F6481A /* Swiftui_2_5_7Tests */,
				642085F629B6B50C00F6481A /* Swiftui_2_5_7UITests */,
			);
		};
/* End PBXProject section */

/* Begin PBXResourcesBuildPhase section */
		642085DB29B6B50900F6481A /* Resources */ = {
			isa = PBXResourcesBuildPhase;
			buildActionMask = 2147483647;
			files = (
				642085E829B6B50C00F6481A /* Preview Assets.xcassets in Resources */,
				642085E529B6B50C00F6481A /* Assets.xcassets in Resources */,
			);
			runOnlyForDeploymentPostprocessing = 0;
		};
		642085EB29B6B50C00F6481A /* Resources */ = {
			isa = PBXResourcesBuildPhase;
			buildActionMask = 2147483647;
			files = (
			);
			runOnlyForDeploymentPostprocessing = 0;
		};
		642085F529B6B50C00F6481A /* Resources */ = {
			isa = PBXResourcesBuildPhase;
			buildActionMask = 2147483647;
			files = (
			);
			runOnlyForDeploymentPostprocessing = 0;
		};
/* End PBXResourcesBuildPhase section */

/* Begin PBXSourcesBuildPhase section */
		642085D929B6B50900F6481A /* Sources */ = {
			isa = PBXSourcesBuildPhase;
			buildActionMask = 2147483647;
			files = (
				6420861729B6C5D400F6481A /* AsyncImage.swift in Sources */,
				6420860C29B6C53300F6481A /* Post.swift in Sources */,
				642085E329B6B50900F6481A /* ContentView.swift in Sources */,
				6420860F29B6C56000F6481A /* ViewModel.swift in Sources */,
				6420861529B6C5A300F6481A /* API.swift in Sources */,
				6420861229B6C57E00F6481A /* DetailView.swift in Sources */,
				6420861929B6C5E800F6481A /* ImageLoader.swift in Sources */,
				642085E129B6B50900F6481A /* Swiftui_2_5_7App.swift in Sources */,
			);
			runOnlyForDeploymentPostprocessing = 0;
		};
		642085E929B6B50C00F6481A /* Sources */ = {
			isa = PBXSourcesBuildPhase;
			buildActionMask = 2147483647;
			files = (
				642085F229B6B50C00F6481A /* Swiftui_2_5_7Tests.swift in Sources */,
			);
			runOnlyForDeploymentPostprocessing = 0;
		};
		642085F329B6B50C00F6481A /* Sources */ = {
			isa = PBXSourcesBuildPhase;
			buildActionMask = 2147483647;
			files = (
				642085FC29B6B50C00F6481A /* Swiftui_2_5_7UITests.swift in Sources */,
				642085FE29B6B50C00F6481A /* Swiftui_2_5_7UITestsLaunchTests.swift in Sources */,
			);
			runOnlyForDeploymentPostprocessing = 0;
		};
/* End PBXSourcesBuildPhase section */

/* Begin PBXTargetDependency section */
		642085EF29B6B50C00F6481A /* PBXTargetDependency */ = {
			isa = PBXTargetDependency;
			target = 642085DC29B6B50900F6481A /* Swiftui_2_5_7 */;
			targetProxy = 642085EE29B6B50C00F6481A /* PBXContainerItemProxy */;
		};
		642085F929B6B50C00F6481A /* PBXTargetDependency */ = {
			isa = PBXTargetDependency;
			target = 642085DC29B6B50900F6481A /* Swiftui_2_5_7 */;
			targetProxy = 642085F829B6B50C00F6481A /* PBXContainerItemProxy */;
		};
/* End PBXTargetDependency section */

/* Begin XCBuildConfiguration section */
		642085FF29B6B50C00F6481A /* Debug */ = {
			isa = XCBuildConfiguration;
			buildSettings = {
				ALWAYS_SEARCH_USER_PATHS = NO;
				CLANG_ANALYZER_NONNULL = YES;
				CLANG_ANALYZER_NUMBER_OBJECT_CONVERSION = YES_AGGRESSIVE;
				CLANG_CXX_LANGUAGE_STANDARD = "gnu++20";
				CLANG_ENABLE_MODULES = YES;
				CLANG_ENABLE_OBJC_ARC = YES;
				CLANG_ENABLE_OBJC_WEAK = YES;
				CLANG_WARN_BLOCK_CAPTURE_AUTORELEASING = YES;
				CLANG_WARN_BOOL_CONVERSION = YES;
				CLANG_WARN_COMMA = YES;
				CLANG_WARN_CONSTANT_CONVERSION = YES;
				CLANG_WARN_DEPRECATED_OBJC_IMPLEMENTATIONS = YES;
				CLANG_WARN_DIRECT_OBJC_ISA_USAGE = YES_ERROR;
				CLANG_WARN_DOCUMENTATION_COMMENTS = YES;
				CLANG_WARN_EMPTY_BODY = YES;
				CLANG_WARN_ENUM_CONVERSION = YES;
				CLANG_WARN_INFINITE_RECURSION = YES;
				CLANG_WARN_INT_CONVERSION = YES;
				CLANG_WARN_NON_LITERAL_NULL_CONVERSION = YES;
				CLANG_WARN_OBJC_IMPLICIT_RETAIN_SELF = YES;
				CLANG_WARN_OBJC_LITERAL_CONVERSION = YES;
				CLANG_WARN_OBJC_ROOT_CLASS = YES_ERROR;
				CLANG_WARN_QUOTED_INCLUDE_IN_FRAMEWORK_HEADER = YES;
				CLANG_WARN_RANGE_LOOP_ANALYSIS = YES;
				CLANG_WARN_STRICT_PROTOTYPES = YES;
				CLANG_WARN_SUSPICIOUS_MOVE = YES;
				CLANG_WARN_UNGUARDED_AVAILABILITY = YES_AGGRESSIVE;
				CLANG_WARN_UNREACHABLE_CODE = YES;
				CLANG_WARN__DUPLICATE_METHOD_MATCH = YES;
				COPY_PHASE_STRIP = NO;
				DEBUG_INFORMATION_FORMAT = dwarf;
				ENABLE_STRICT_OBJC_MSGSEND = YES;
				ENABLE_TESTABILITY = YES;
				GCC_C_LANGUAGE_STANDARD = gnu11;
				GCC_DYNAMIC_NO_PIC = NO;
				GCC_NO_COMMON_BLOCKS = YES;
				GCC_OPTIMIZATION_LEVEL = 0;
				GCC_PREPROCESSOR_DEFINITIONS = (
					"DEBUG=1",
					"$(inherited)",
				);
				GCC_WARN_64_TO_32_BIT_CONVERSION = YES;
				GCC_WARN_ABOUT_RETURN_TYPE = YES_ERROR;
				GCC_WARN_UNDECLARED_SELECTOR = YES;
				GCC_WARN_UNINITIALIZED_AUTOS = YES_AGGRESSIVE;
				GCC_WARN_UNUSED_FUNCTION = YES;
				GCC_WARN_UNUSED_VARIABLE = YES;
				IPHONEOS_DEPLOYMENT_TARGET = 16.2;
				MTL_ENABLE_DEBUG_INFO = INCLUDE_SOURCE;
				MTL_FAST_MATH = YES;
				ONLY_ACTIVE_ARCH = YES;
				SDKROOT = iphoneos;
				SWIFT_ACTIVE_COMPILATION_CONDITIONS = DEBUG;
				SWIFT_OPTIMIZATION_LEVEL = "-Onone";
			};
			name = Debug;
		};
		6420860029B6B50C00F6481A /* Release */ = {
			isa = XCBuildConfiguration;
			buildSettings = {
				ALWAYS_SEARCH_USER_PATHS = NO;
				CLANG_ANALYZER_NONNULL = YES;
				CLANG_ANALYZER_NUMBER_OBJECT_CONVERSION = YES_AGGRESSIVE;
				CLANG_CXX_LANGUAGE_STANDARD = "gnu++20";
				CLANG_ENABLE_MODULES = YES;
				CLANG_ENABLE_OBJC_ARC = YES;
				CLANG_ENABLE_OBJC_WEAK = YES;
				CLANG_WARN_BLOCK_CAPTURE_AUTORELEASING = YES;
				CLANG_WARN_BOOL_CONVERSION = YES;
				CLANG_WARN_COMMA = YES;
				CLANG_WARN_CONSTANT_CONVERSION = YES;
				CLANG_WARN_DEPRECATED_OBJC_IMPLEMENTATIONS = YES;
				CLANG_WARN_DIRECT_OBJC_ISA_USAGE = YES_ERROR;
				CLANG_WARN_DOCUMENTATION_COMMENTS = YES;
				CLANG_WARN_EMPTY_BODY = YES;
				CLANG_WARN_ENUM_CONVERSION = YES;
				CLANG_WARN_INFINITE_RECURSION = YES;
				CLANG_WARN_INT_CONVERSION = YES;
				CLANG_WARN_NON_LITERAL_NULL_CONVERSION = YES;
				CLANG_WARN_OBJC_IMPLICIT_RETAIN_SELF = YES;
				CLANG_WARN_OBJC_LITERAL_CONVERSION = YES;
				CLANG_WARN_OBJC_ROOT_CLASS = YES_ERROR;
				CLANG_WARN_QUOTED_INCLUDE_IN_FRAMEWORK_HEADER = YES;
				CLANG_WARN_RANGE_LOOP_ANALYSIS = YES;
				CLANG_WARN_STRICT_PROTOTYPES = YES;
				CLANG_WARN_SUSPICIOUS_MOVE = YES;
				CLANG_WARN_UNGUARDED_AVAILABILITY = YES_AGGRESSIVE;
				CLANG_WARN_UNREACHABLE_CODE = YES;
				CLANG_WARN__DUPLICATE_METHOD_MATCH = YES;
				COPY_PHASE_STRIP = NO;
				DEBUG_INFORMATION_FORMAT = "dwarf-with-dsym";
				ENABLE_NS_ASSERTIONS = NO;
				ENABLE_STRICT_OBJC_MSGSEND = YES;
				GCC_C_LANGUAGE_STANDARD = gnu11;
				GCC_NO_COMMON_BLOCKS = YES;
				GCC_WARN_64_TO_32_BIT_CONVERSION = YES;
				GCC_WARN_ABOUT_RETURN_TYPE = YES_ERROR;
				GCC_WARN_UNDECLARED_SELECTOR = YES;
				GCC_WARN_UNINITIALIZED_AUTOS = YES_AGGRESSIVE;
				GCC_WARN_UNUSED_FUNCTION = YES;
				GCC_WARN_UNUSED_VARIABLE = YES;
				IPHONEOS_DEPLOYMENT_TARGET = 16.2;
				MTL_ENABLE_DEBUG_INFO = NO;
				MTL_FAST_MATH = YES;
				SDKROOT = iphoneos;
				SWIFT_COMPILATION_MODE = wholemodule;
				SWIFT_OPTIMIZATION_LEVEL = "-O";
				VALIDATE_PRODUCT = YES;
			};
			name = Release;
		};
		6420860229B6B50C00F6481A /* Debug */ = {
			isa = XCBuildConfiguration;
			buildSettings = {
				ASSETCATALOG_COMPILER_APPICON_NAME = AppIcon;
				ASSETCATALOG_COMPILER_GLOBAL_ACCENT_COLOR_NAME = AccentColor;
				CODE_SIGN_STYLE = Automatic;
				CURRENT_PROJECT_VERSION = 1;
				DEVELOPMENT_ASSET_PATHS = "\"Swiftui_2_5_7/Preview Content\"";
				DEVELOPMENT_TEAM = FHN8RU94TU;
				ENABLE_PREVIEWS = YES;
				GENERATE_INFOPLIST_FILE = YES;
				INFOPLIST_KEY_UIApplicationSceneManifest_Generation = YES;
				INFOPLIST_KEY_UIApplicationSupportsIndirectInputEvents = YES;
				INFOPLIST_KEY_UILaunchScreen_Generation = YES;
				INFOPLIST_KEY_UISupportedInterfaceOrientations_iPad = "UIInterfaceOrientationPortrait UIInterfaceOrientationPortraitUpsideDown UIInterfaceOrientationLandscapeLeft UIInterfaceOrientationLandscapeRight";
				INFOPLIST_KEY_UISupportedInterfaceOrientations_iPhone = "UIInterfaceOrientationPortrait UIInterfaceOrientationLandscapeLeft UIInterfaceOrientationLandscapeRight";
				LD_RUNPATH_SEARCH_PATHS = (
					"$(inherited)",
					"@executable_path/Frameworks",
				);
				MARKETING_VERSION = 1.0;
				PRODUCT_BUNDLE_IDENTIFIER = "swiftui.graphql.com.Swiftui-2-5-7";
				PRODUCT_NAME = "$(TARGET_NAME)";
				SWIFT_EMIT_LOC_STRINGS = YES;
				SWIFT_VERSION = 5.0;
				TARGETED_DEVICE_FAMILY = "1,2";
			};
			name = Debug;
		};
		6420860329B6B50C00F6481A /* Release */ = {
			isa = XCBuildConfiguration;
			buildSettings = {
				ASSETCATALOG_COMPILER_APPICON_NAME = AppIcon;
				ASSETCATALOG_COMPILER_GLOBAL_ACCENT_COLOR_NAME = AccentColor;
				CODE_SIGN_STYLE = Automatic;
				CURRENT_PROJECT_VERSION = 1;
				DEVELOPMENT_ASSET_PATHS = "\"Swiftui_2_5_7/Preview Content\"";
				DEVELOPMENT_TEAM = FHN8RU94TU;
				ENABLE_PREVIEWS = YES;
				GENERATE_INFOPLIST_FILE = YES;
				INFOPLIST_KEY_UIApplicationSceneManifest_Generation = YES;
				INFOPLIST_KEY_UIApplicationSupportsIndirectInputEvents = YES;
				INFOPLIST_KEY_UILaunchScreen_Generation = YES;
				INFOPLIST_KEY_UISupportedInterfaceOrientations_iPad = "UIInterfaceOrientationPortrait UIInterfaceOrientationPortraitUpsideDown UIInterfaceOrientationLandscapeLeft UIInterfaceOrientationLandscapeRight";
				INFOPLIST_KEY_UISupportedInterfaceOrientations_iPhone = "UIInterfaceOrientationPortrait UIInterfaceOrientationLandscapeLeft UIInterfaceOrientationLandscapeRight";
				LD_RUNPATH_SEARCH_PATHS = (
					"$(inherited)",
					"@executable_path/Frameworks",
				);
				MARKETING_VERSION = 1.0;
				PRODUCT_BUNDLE_IDENTIFIER = "swiftui.graphql.com.Swiftui-2-5-7";
				PRODUCT_NAME = "$(TARGET_NAME)";
				SWIFT_EMIT_LOC_STRINGS = YES;
				SWIFT_VERSION = 5.0;
				TARGETED_DEVICE_FAMILY = "1,2";
			};
			name = Release;
		};
		6420860529B6B50C00F6481A /* Debug */ = {
			isa = XCBuildConfiguration;
			buildSettings = {
				ALWAYS_EMBED_SWIFT_STANDARD_LIBRARIES = YES;
				BUNDLE_LOADER = "$(TEST_HOST)";
				CODE_SIGN_STYLE = Automatic;
				CURRENT_PROJECT_VERSION = 1;
				DEVELOPMENT_TEAM = FHN8RU94TU;
				GENERATE_INFOPLIST_FILE = YES;
				IPHONEOS_DEPLOYMENT_TARGET = 16.2;
				MARKETING_VERSION = 1.0;
				PRODUCT_BUNDLE_IDENTIFIER = "swiftui.graphql.com.Swiftui-2-5-7Tests";
				PRODUCT_NAME = "$(TARGET_NAME)";
				SWIFT_EMIT_LOC_STRINGS = NO;
				SWIFT_VERSION = 5.0;
				TARGETED_DEVICE_FAMILY = "1,2";
				TEST_HOST = "$(BUILT_PRODUCTS_DIR)/Swiftui_2_5_7.app/$(BUNDLE_EXECUTABLE_FOLDER_PATH)/Swiftui_2_5_7";
			};
			name = Debug;
		};
		6420860629B6B50C00F6481A /* Release */ = {
			isa = XCBuildConfiguration;
			buildSettings = {
				ALWAYS_EMBED_SWIFT_STANDARD_LIBRARIES = YES;
				BUNDLE_LOADER = "$(TEST_HOST)";
				CODE_SIGN_STYLE = Automatic;
				CURRENT_PROJECT_VERSION = 1;
				DEVELOPMENT_TEAM = FHN8RU94TU;
				GENERATE_INFOPLIST_FILE = YES;
				IPHONEOS_DEPLOYMENT_TARGET = 16.2;
				MARKETING_VERSION = 1.0;
				PRODUCT_BUNDLE_IDENTIFIER = "swiftui.graphql.com.Swiftui-2-5-7Tests";
				PRODUCT_NAME = "$(TARGET_NAME)";
				SWIFT_EMIT_LOC_STRINGS = NO;
				SWIFT_VERSION = 5.0;
				TARGETED_DEVICE_FAMILY = "1,2";
				TEST_HOST = "$(BUILT_PRODUCTS_DIR)/Swiftui_2_5_7.app/$(BUNDLE_EXECUTABLE_FOLDER_PATH)/Swiftui_2_5_7";
			};
			name = Release;
		};
		6420860829B6B50C00F6481A /* Debug */ = {
			isa = XCBuildConfiguration;
			buildSettings = {
				ALWAYS_EMBED_SWIFT_STANDARD_LIBRARIES = YES;
				CODE_SIGN_STYLE = Automatic;
				CURRENT_PROJECT_VERSION = 1;
				DEVELOPMENT_TEAM = FHN8RU94TU;
				GENERATE_INFOPLIST_FILE = YES;
				MARKETING_VERSION = 1.0;
				PRODUCT_BUNDLE_IDENTIFIER = "swiftui.graphql.com.Swiftui-2-5-7UITests";
				PRODUCT_NAME = "$(TARGET_NAME)";
				SWIFT_EMIT_LOC_STRINGS = NO;
				SWIFT_VERSION = 5.0;
				TARGETED_DEVICE_FAMILY = "1,2";
				TEST_TARGET_NAME = Swiftui_2_5_7;
			};
			name = Debug;
		};
		6420860929B6B50C00F6481A /* Release */ = {
			isa = XCBuildConfiguration;
			buildSettings = {
				ALWAYS_EMBED_SWIFT_STANDARD_LIBRARIES = YES;
				CODE_SIGN_STYLE = Automatic;
				CURRENT_PROJECT_VERSION = 1;
				DEVELOPMENT_TEAM = FHN8RU94TU;
				GENERATE_INFOPLIST_FILE = YES;
				MARKETING_VERSION = 1.0;
				PRODUCT_BUNDLE_IDENTIFIER = "swiftui.graphql.com.Swiftui-2-5-7UITests";
				PRODUCT_NAME = "$(TARGET_NAME)";
				SWIFT_EMIT_LOC_STRINGS = NO;
				SWIFT_VERSION = 5.0;
				TARGETED_DEVICE_FAMILY = "1,2";
				TEST_TARGET_NAME = Swiftui_2_5_7;
			};
			name = Release;
		};
/* End XCBuildConfiguration section */

/* Begin XCConfigurationList section */
		642085D829B6B50900F6481A /* Build configuration list for PBXProject "Swiftui_2_5_7" */ = {
			isa = XCConfigurationList;
			buildConfigurations = (
				642085FF29B6B50C00F6481A /* Debug */,
				6420860029B6B50C00F6481A /* Release */,
			);
			defaultConfigurationIsVisible = 0;
			defaultConfigurationName = Release;
		};
		6420860129B6B50C00F6481A /* Build configuration list for PBXNativeTarget "Swiftui_2_5_7" */ = {
			isa = XCConfigurationList;
			buildConfigurations = (
				6420860229B6B50C00F6481A /* Debug */,
				6420860329B6B50C00F6481A /* Release */,
			);
			defaultConfigurationIsVisible = 0;
			defaultConfigurationName = Release;
		};
		6420860429B6B50C00F6481A /* Build configuration list for PBXNativeTarget "Swiftui_2_5_7Tests" */ = {
			isa = XCConfigurationList;
			buildConfigurations = (
				6420860529B6B50C00F6481A /* Debug */,
				6420860629B6B50C00F6481A /* Release */,
			);
			defaultConfigurationIsVisible = 0;
			defaultConfigurationName = Release;
		};
		6420860729B6B50C00F6481A /* Build configuration list for PBXNativeTarget "Swiftui_2_5_7UITests" */ = {
			isa = XCConfigurationList;
			buildConfigurations = (
				6420860829B6B50C00F6481A /* Debug */,
				6420860929B6B50C00F6481A /* Release */,
			);
			defaultConfigurationIsVisible = 0;
			defaultConfigurationName = Release;
		};
/* End XCConfigurationList section */
	};
	rootObject = 642085D529B6B50900F6481A /* Project object */;
}
